
Microsoft Visual Studio Solution File, Format Version 12.00
# Visual Studio 15
VisualStudioVersion = 15.0.27004.2006
MinimumVisualStudioVersion = 10.0.40219.1
Project("{FAE04EC0-301F-11D3-BF4B-00C04F79EFBC}") = "MindtreeDemo", "MindtreeDemo\MindtreeDemo.csproj", "{CD7D9884-8C65-45F4-880C-07EAEB640C9D}"
EndProject
Global
	GlobalSection(SolutionConfigurationPlatforms) = preSolution
		Debug|Any CPU = Debug|Any CPU
		Release|Any CPU = Release|Any CPU
	EndGlobalSection
	GlobalSection(ProjectConfigurationPlatforms) = postSolution
		{CD7D9884-8C65-45F4-880C-07EAEB640C9D}.Debug|Any CPU.ActiveCfg = Debug|Any CPU
		{CD7D9884-8C65-45F4-880C-07EAEB640C9D}.Debug|Any CPU.Build.0 = Debug|Any CPU
		{CD7D9884-8C65-45F4-880C-07EAEB640C9D}.Release|Any CPU.ActiveCfg = Release|Any CPU
		{CD7D9884-8C65-45F4-880C-07EAEB640C9D}.Release|Any CPU.Build.0 = Release|Any CPU
	EndGlobalSection
	GlobalSection(SolutionProperties) = preSolution
		HideSolutionNode = FALSE
	EndGlobalSection
	GlobalSection(ExtensibilityGlobals) = postSolution
		SolutionGuid = {A31B3656-A31B-47D1-9532-A50D3E95F25C}
	EndGlobalSection
EndGlobal
